Microsoft Visual Studio Solution File, Format Version 11.00
# Visual Studio 2008

Project("{67B3C6AF-A943-0703-5702-8E9294F8B62E}") = "SparksJam", "Assembly-CSharp.csproj", "{253EC5EC-566E-6811-7406-05DC0070002D}"
EndProject
Global
	GlobalSection(SolutionConfigurationPlatforms) = preSolution
		Debug|Any CPU = Debug|Any CPU
		Release|Any CPU = Release|Any CPU
	EndGlobalSection
	GlobalSection(ProjectConfigurationPlatforms) = postSolution
		{253EC5EC-566E-6811-7406-05DC0070002D}.Debug|Any CPU.ActiveCfg = Debug|Any CPU
		{253EC5EC-566E-6811-7406-05DC0070002D}.Debug|Any CPU.Build.0 = Debug|Any CPU
		{253EC5EC-566E-6811-7406-05DC0070002D}.Release|Any CPU.ActiveCfg = Release|Any CPU
		{253EC5EC-566E-6811-7406-05DC0070002D}.Release|Any CPU.Build.0 = Release|Any CPU
	EndGlobalSection
	GlobalSection(SolutionProperties) = preSolution
		HideSolutionNode = FALSE
	EndGlobalSection
	GlobalSection(MonoDevelopProperties) = preSolution
		StartupItem = Assembly-CSharp.csproj
	EndGlobalSection
EndGlobal
